{
  "lockVersion": 1,
  "extensions": {
    "billing": {
      "version": "1.0.0",
      "kitCompat": ">=1.0.0 <2",
      "source": "local",
      "installedVia": "preinstalled",
      "stubs": [],
      "edgeFunctions": [
        "billing-stripe-webhook"
      ]
    },
    "chat": {
      "version": "1.0.0",
      "kitCompat": ">=1.0.0 <2",
      "source": "local",
      "installedVia": "preinstalled",
      "stubs": [],
      "edgeFunctions": []
    },
    "notifications": {
      "version": "1.0.0",
      "kitCompat": ">=1.0.0 <2",
      "source": "local",
      "installedVia": "preinstalled",
      "stubs": [
        "apps/expo/src/app/(app)/x/notifications/index.tsx",
        "apps/nextjs/src/app/(frontend)/(app)/x/notifications/layout.tsx",
        "apps/nextjs/src/app/(frontend)/(app)/x/notifications/page.tsx"
      ],
      "edgeFunctions": []
    },
    "reminders": {
      "version": "1.0.0",
      "kitCompat": ">=1.0.0 <2",
      "source": "local",
      "installedVia": "preinstalled",
      "stubs": [],
      "edgeFunctions": [
        "reminders-process"
      ]
    }
  },
  "tombstones": {}
}
