{
  "lockVersion": 1,
  "extensions": {
    "billing": {
      "version": "1.0.0",
      "kitCompat": ">=1.0.0 <2",
      "source": "local",
      "installedVia": "preinstalled",
      "stubs": [
        "apps/expo/src/app/(app)/x/billing/index.tsx",
        "apps/nextjs/src/app/(frontend)/(app)/billing/layout.tsx",
        "apps/nextjs/src/app/(frontend)/(app)/billing/page.tsx",
        "apps/nextjs/src/app/(frontend)/(public)/pricing/layout.tsx",
        "apps/nextjs/src/app/(frontend)/(public)/pricing/page.tsx",
        "apps/nextjs/src/payload/migrations/20260612_023534_ext_billing.ts"
      ],
      "edgeFunctions": [
        "billing-stripe-webhook"
      ]
    },
    "chat": {
      "version": "1.0.0",
      "kitCompat": ">=1.0.0 <2",
      "source": "local",
      "installedVia": "preinstalled",
      "stubs": [
        "apps/expo/src/app/(app)/x/chat/[threadId].tsx",
        "apps/expo/src/app/(app)/x/chat/index.tsx",
        "apps/nextjs/src/app/(frontend)/(app)/x/chat/[threadId]/page.tsx",
        "apps/nextjs/src/app/(frontend)/(app)/x/chat/layout.tsx",
        "apps/nextjs/src/app/(frontend)/(app)/x/chat/page.tsx",
        "apps/nextjs/src/payload/migrations/20260612_015425_ext_chat_settings.ts"
      ],
      "edgeFunctions": []
    },
    "dashboard": {
      "version": "1.0.0",
      "kitCompat": ">=1.0.0 <2",
      "source": "local",
      "installedVia": "preinstalled",
      "stubs": [
        "apps/expo/src/app/(app)/index.tsx",
        "apps/nextjs/src/app/(frontend)/(app)/a/layout.tsx",
        "apps/nextjs/src/app/(frontend)/(app)/a/page.tsx"
      ],
      "edgeFunctions": []
    },
    "notifications": {
      "version": "1.0.0",
      "kitCompat": ">=1.0.0 <2",
      "source": "local",
      "installedVia": "preinstalled",
      "stubs": [
        "apps/expo/src/app/(app)/x/notifications/index.tsx",
        "apps/nextjs/src/app/(frontend)/(app)/x/notifications/layout.tsx",
        "apps/nextjs/src/app/(frontend)/(app)/x/notifications/page.tsx"
      ],
      "edgeFunctions": []
    },
    "reminders": {
      "version": "1.0.0",
      "kitCompat": ">=1.0.0 <2",
      "source": "local",
      "installedVia": "preinstalled",
      "stubs": [
        "apps/expo/src/app/(app)/x/reminders/index.tsx",
        "apps/nextjs/src/app/(frontend)/(app)/x/reminders/layout.tsx",
        "apps/nextjs/src/app/(frontend)/(app)/x/reminders/page.tsx"
      ],
      "edgeFunctions": [
        "reminders-process"
      ]
    }
  },
  "tombstones": {}
}
